
Microsoft Visual Studio Solution File, Format Version 12.00
# Visual Studio Version 16
VisualStudioVersion = 16.0.30717.126
MinimumVisualStudioVersion = 10.0.40219.1
Project("{8BC9CEB8-8B4A-11D0-8D11-00A0C91BC942}") = "chapter05_02", "chapter05_02.vcxproj", "{B70CDC72-B862-4B19-8DC7-1303758E7948}"
EndProject
Global
	GlobalSection(SolutionConfigurationPlatforms) = preSolution
		Debug|x64 = Debug|x64
		Debug|x86 = Debug|x86
		Release|x64 = Release|x64
		Release|x86 = Release|x86
	EndGlobalSection
	GlobalSection(ProjectConfigurationPlatforms) = postSolution
		{B70CDC72-B862-4B19-8DC7-1303758E7948}.Debug|x64.ActiveCfg = Debug|x64
		{B70CDC72-B862-4B19-8DC7-1303758E7948}.Debug|x64.Build.0 = Debug|x64
		{B70CDC72-B862-4B19-8DC7-1303758E7948}.Debug|x86.ActiveCfg = Debug|Win32
		{B70CDC72-B862-4B19-8DC7-1303758E7948}.Debug|x86.Build.0 = Debug|Win32
		{B70CDC72-B862-4B19-8DC7-1303758E7948}.Release|x64.ActiveCfg = Release|x64
		{B70CDC72-B862-4B19-8DC7-1303758E7948}.Release|x64.Build.0 = Release|x64
		{B70CDC72-B862-4B19-8DC7-1303758E7948}.Release|x86.ActiveCfg = Release|Win32
		{B70CDC72-B862-4B19-8DC7-1303758E7948}.Release|x86.Build.0 = Release|Win32
	EndGlobalSection
	GlobalSection(SolutionProperties) = preSolution
		HideSolutionNode = FALSE
	EndGlobalSection
	GlobalSection(ExtensibilityGlobals) = postSolution
		SolutionGuid = {034F94DA-545E-489D-9899-C528756CBD26}
	EndGlobalSection
EndGlobal
