
Microsoft Visual Studio Solution File, Format Version 12.00
# Visual Studio Version 16
VisualStudioVersion = 16.0.30804.86
MinimumVisualStudioVersion = 10.0.40219.1
Project("{8BC9CEB8-8B4A-11D0-8D11-00A0C91BC942}") = "chapter06_01", "chapter06_01.vcxproj", "{153602A7-A49A-4E0E-A148-82663265094D}"
EndProject
Global
	GlobalSection(SolutionConfigurationPlatforms) = preSolution
		Debug|x64 = Debug|x64
		Debug|x86 = Debug|x86
		Release|x64 = Release|x64
		Release|x86 = Release|x86
	EndGlobalSection
	GlobalSection(ProjectConfigurationPlatforms) = postSolution
		{153602A7-A49A-4E0E-A148-82663265094D}.Debug|x64.ActiveCfg = Debug|x64
		{153602A7-A49A-4E0E-A148-82663265094D}.Debug|x64.Build.0 = Debug|x64
		{153602A7-A49A-4E0E-A148-82663265094D}.Debug|x86.ActiveCfg = Debug|Win32
		{153602A7-A49A-4E0E-A148-82663265094D}.Debug|x86.Build.0 = Debug|Win32
		{153602A7-A49A-4E0E-A148-82663265094D}.Release|x64.ActiveCfg = Release|x64
		{153602A7-A49A-4E0E-A148-82663265094D}.Release|x64.Build.0 = Release|x64
		{153602A7-A49A-4E0E-A148-82663265094D}.Release|x86.ActiveCfg = Release|Win32
		{153602A7-A49A-4E0E-A148-82663265094D}.Release|x86.Build.0 = Release|Win32
	EndGlobalSection
	GlobalSection(SolutionProperties) = preSolution
		HideSolutionNode = FALSE
	EndGlobalSection
	GlobalSection(ExtensibilityGlobals) = postSolution
		SolutionGuid = {85D667DC-A4D8-4AE5-8D69-68A917F2E076}
	EndGlobalSection
EndGlobal
